
Microsoft Visual Studio Solution File, Format Version 12.00
# Visual Studio Version 17
VisualStudioVersion = 17.0.31903.59
MinimumVisualStudioVersion = 10.0.40219.1
Project("{FAE04EC0-301F-11D3-BF4B-00C04F79EFBC}") = "Dbarone.Net.Document", "Dbarone.Net.Document\Dbarone.Net.Document.csproj", "{88B3E256-F021-483A-A8F6-2C23BEA9CA31}"
EndProject
Project("{FAE04EC0-301F-11D3-BF4B-00C04F79EFBC}") = "Dbarone.Net.Document.Tests", "Dbarone.Net.Document.Tests\Dbarone.Net.Document.Tests.csproj", "{9083C0FC-3AD9-4091-ABC0-A0EFD0C40D01}"
EndProject
Global
	GlobalSection(SolutionConfigurationPlatforms) = preSolution
		Debug|Any CPU = Debug|Any CPU
		Release|Any CPU = Release|Any CPU
	EndGlobalSection
	GlobalSection(SolutionProperties) = preSolution
		HideSolutionNode = FALSE
	EndGlobalSection
	GlobalSection(ProjectConfigurationPlatforms) = postSolution
		{88B3E256-F021-483A-A8F6-2C23BEA9CA31}.Debug|Any CPU.ActiveCfg = Debug|Any CPU
		{88B3E256-F021-483A-A8F6-2C23BEA9CA31}.Debug|Any CPU.Build.0 = Debug|Any CPU
		{88B3E256-F021-483A-A8F6-2C23BEA9CA31}.Release|Any CPU.ActiveCfg = Release|Any CPU
		{88B3E256-F021-483A-A8F6-2C23BEA9CA31}.Release|Any CPU.Build.0 = Release|Any CPU
		{9083C0FC-3AD9-4091-ABC0-A0EFD0C40D01}.Debug|Any CPU.ActiveCfg = Debug|Any CPU
		{9083C0FC-3AD9-4091-ABC0-A0EFD0C40D01}.Debug|Any CPU.Build.0 = Debug|Any CPU
		{9083C0FC-3AD9-4091-ABC0-A0EFD0C40D01}.Release|Any CPU.ActiveCfg = Release|Any CPU
		{9083C0FC-3AD9-4091-ABC0-A0EFD0C40D01}.Release|Any CPU.Build.0 = Release|Any CPU
	EndGlobalSection
EndGlobal
